
Microsoft Visual Studio Solution File, Format Version 12.00
# Visual Studio 15
VisualStudioVersion = 15.0.28010.2003
MinimumVisualStudioVersion = 10.0.40219.1
Project("{FAE04EC0-301F-11D3-BF4B-00C04F79EFBC}") = "TransactionSolrSearch", "TransactionSolrSearch\TransactionSolrSearch.csproj", "{BB1E2FE2-0F95-4EF1-9248-0D75D9456F97}"
EndProject
Global
	GlobalSection(SolutionConfigurationPlatforms) = preSolution
		Debug|Any CPU = Debug|Any CPU
		Release|Any CPU = Release|Any CPU
	EndGlobalSection
	GlobalSection(ProjectConfigurationPlatforms) = postSolution
		{BB1E2FE2-0F95-4EF1-9248-0D75D9456F97}.Debug|Any CPU.ActiveCfg = Debug|Any CPU
		{BB1E2FE2-0F95-4EF1-9248-0D75D9456F97}.Debug|Any CPU.Build.0 = Debug|Any CPU
		{BB1E2FE2-0F95-4EF1-9248-0D75D9456F97}.Release|Any CPU.ActiveCfg = Release|Any CPU
		{BB1E2FE2-0F95-4EF1-9248-0D75D9456F97}.Release|Any CPU.Build.0 = Release|Any CPU
	EndGlobalSection
	GlobalSection(SolutionProperties) = preSolution
		HideSolutionNode = FALSE
	EndGlobalSection
	GlobalSection(ExtensibilityGlobals) = postSolution
		SolutionGuid = {8921A67B-E173-4558-98FA-9119D9EC934E}
	EndGlobalSection
EndGlobal
